
Microsoft Visual Studio Solution File, Format Version 12.00
# Visual Studio Version 16
VisualStudioVersion = 16.0.30225.117
MinimumVisualStudioVersion = 10.0.40219.1
Project("{FAE04EC0-301F-11D3-BF4B-00C04F79EFBC}") = "OC CMSC-5733 Assignment 1", "OC CMSC-5733 Assignment 1.csproj", "{FEE500C6-C63C-4796-A229-958821ABAA48}"
EndProject
Global
	GlobalSection(SolutionConfigurationPlatforms) = preSolution
		Debug|Any CPU = Debug|Any CPU
		Release|Any CPU = Release|Any CPU
	EndGlobalSection
	GlobalSection(ProjectConfigurationPlatforms) = postSolution
		{FEE500C6-C63C-4796-A229-958821ABAA48}.Debug|Any CPU.ActiveCfg = Debug|Any CPU
		{FEE500C6-C63C-4796-A229-958821ABAA48}.Debug|Any CPU.Build.0 = Debug|Any CPU
		{FEE500C6-C63C-4796-A229-958821ABAA48}.Release|Any CPU.ActiveCfg = Release|Any CPU
		{FEE500C6-C63C-4796-A229-958821ABAA48}.Release|Any CPU.Build.0 = Release|Any CPU
	EndGlobalSection
	GlobalSection(SolutionProperties) = preSolution
		HideSolutionNode = FALSE
	EndGlobalSection
	GlobalSection(ExtensibilityGlobals) = postSolution
		SolutionGuid = {83CC7EED-C767-4462-8EA7-10731623B9FF}
	EndGlobalSection
EndGlobal
